
Microsoft Visual Studio Solution File, Format Version 12.00
# Visual Studio Version 17
VisualStudioVersion = 17.10.35013.160
MinimumVisualStudioVersion = 10.0.40219.1
Project("{FAE04EC0-301F-11D3-BF4B-00C04F79EFBC}") = "IEditableObjectTest", "IEditableObjectTest\IEditableObjectTest.csproj", "{F7B0ABF2-8605-4E8B-8130-2E89ECA2DEEB}"
EndProject
Global
	GlobalSection(SolutionConfigurationPlatforms) = preSolution
		Debug|Any CPU = Debug|Any CPU
		Release|Any CPU = Release|Any CPU
	EndGlobalSection
	GlobalSection(ProjectConfigurationPlatforms) = postSolution
		{F7B0ABF2-8605-4E8B-8130-2E89ECA2DEEB}.Debug|Any CPU.ActiveCfg = Debug|Any CPU
		{F7B0ABF2-8605-4E8B-8130-2E89ECA2DEEB}.Debug|Any CPU.Build.0 = Debug|Any CPU
		{F7B0ABF2-8605-4E8B-8130-2E89ECA2DEEB}.Release|Any CPU.ActiveCfg = Release|Any CPU
		{F7B0ABF2-8605-4E8B-8130-2E89ECA2DEEB}.Release|Any CPU.Build.0 = Release|Any CPU
	EndGlobalSection
	GlobalSection(SolutionProperties) = preSolution
		HideSolutionNode = FALSE
	EndGlobalSection
	GlobalSection(ExtensibilityGlobals) = postSolution
		SolutionGuid = {2E5B1126-7DC5-4433-A268-035D99D88C64}
	EndGlobalSection
EndGlobal
